// !$*UTF8*$!
{
	archiveVersion = 1;
	classes = {
	};
	objectVersion = 50;
	objects = {

/* Begin PBXBuildFile section */
		3DDF07C02504CE9100BB3324 /* AppDelegate.swift in Sources */ = {isa = PBXBuildFile; fileRef = 3DDF07BF2504CE9100BB3324 /* AppDelegate.swift */; };
		3DDF07C22504CE9100BB3324 /* SceneDelegate.swift in Sources */ = {isa = PBXBuildFile; fileRef = 3DDF07C12504CE9100BB3324 /* SceneDelegate.swift */; };
		3DDF07C42504CE9100BB3324 /* ViewController.swift in Sources */ = {isa = PBXBuildFile; fileRef = 3DDF07C32504CE9100BB3324 /* ViewController.swift */; };
		3DDF07C72504CE9100BB3324 /* Main.storyboard in Resources */ = {isa = PBXBuildFile; fileRef = 3DDF07C52504CE9100BB3324 /* Main.storyboard */; };
		3DDF07C92504CE9200BB3324 /* Assets.xcassets in Resources */ = {isa = PBXBuildFile; fileRef = 3DDF07C82504CE9200BB3324 /* Assets.xcassets */; };
		3DDF07CC2504CE9200BB3324 /* LaunchScreen.storyboard in Resources */ = {isa = PBXBuildFile; fileRef = 3DDF07CA2504CE9200BB3324 /* LaunchScreen.storyboard */; };
		3DDF07D72504CE9200BB3324 /* testTests.swift in Sources */ = {isa = PBXBuildFile; fileRef = 3DDF07D62504CE9200BB3324 /* testTests.swift */; };
		3DDF07E22504CE9200BB3324 /* testUITests.swift in Sources */ = {isa = PBXBuildFile; fileRef = 3DDF07E12504CE9200BB3324 /* testUITests.swift */; };
/* End PBXBuildFile section */

/* Begin PBXContainerItemProxy section */
		3DDF07D32504CE9200BB3324 /* PBXContainerItemProxy */ = {
			isa = PBXContainerItemProxy;
			containerPortal = 3DDF07B42504CE9100BB3324 /* Project object */;
			proxyType = 1;
			remoteGlobalIDString = 3DDF07BB2504CE9100BB3324;
			remoteInfo = test;
		};
		3DDF07DE2504CE9200BB3324 /* PBXContainerItemProxy */ = {
			isa = PBXContainerItemProxy;
			containerPortal = 3DDF07B42504CE9100BB3324 /* Project object */;
			proxyType = 1;
			remoteGlobalIDString = 3DDF07BB2504CE9100BB3324;
			remoteInfo = test;
		};
/* End PBXContainerItemProxy section */

/* Begin PBXFileReference section */
		3DDF07BC2504CE9100BB3324 /* test.app */ = {isa = PBXFileReference; explicitFileType = wrapper.application; includeInIndex = 0; path = test.app; sourceTree = BUILT_PRODUCTS_DIR; };
		3DDF07BF2504CE9100BB3324 /* AppDelegate.swift */ = {isa = PBXFileReference; lastKnownFileType = sourcecode.swift; path = AppDelegate.swift; sourceTree = "<group>"; };
		3DDF07C12504CE9100BB3324 /* SceneDelegate.swift */ = {isa = PBXFileReference; lastKnownFileType = sourcecode.swift; path = SceneDelegate.swift; sourceTree = "<group>"; };
		3DDF07C32504CE9100BB3324 /* ViewController.swift */ = {isa = PBXFileReference; lastKnownFileType = sourcecode.swift; path = ViewController.swift; sourceTree = "<group>"; };
		3DDF07C62504CE9100BB3324 /* Base */ = {isa = PBXFileReference; lastKnownFileType = file.storyboard; name = Base; path = Base.lproj/Main.storyboard; sourceTree = "<group>"; };
		3DDF07C82504CE9200BB3324 /* Assets.xcassets */ = {isa = PBXFileReference; lastKnownFileType = folder.assetcatalog; path = Assets.xcassets; sourceTree = "<group>"; };
		3DDF07CB2504CE9200BB3324 /* Base */ = {isa = PBXFileReference; lastKnownFileType = file.storyboard; name = Base; path = Base.lproj/LaunchScreen.storyboard; sourceTree = "<group>"; };
		3DDF07CD2504CE9200BB3324 /* Info.plist */ = {isa = PBXFileReference; lastKnownFileType = text.plist.xml; path = Info.plist; sourceTree = "<group>"; };
		3DDF07D22504CE9200BB3324 /* testTests.xctest */ = {isa = PBXFileReference; explicitFileType = wrapper.cfbundle; includeInIndex = 0; path = testTests.xctest; sourceTree = BUILT_PRODUCTS_DIR; };
		3DDF07D62504CE9200BB3324 /* testTests.swift */ = {isa = PBXFileReference; lastKnownFileType = sourcecode.swift; path = testTests.swift; sourceTree = "<group>"; };
		3DDF07D82504CE9200BB3324 /* Info.plist */ = {isa = PBXFileReference; lastKnownFileType = text.plist.xml; path = Info.plist; sourceTree = "<group>"; };
		3DDF07DD2504CE9200BB3324 /* testUITests.xctest */ = {isa = PBXFileReference; explicitFileType = wrapper.cfbundle; includeInIndex = 0; path = testUITests.xctest; sourceTree = BUILT_PRODUCTS_DIR; };
		3DDF07E12504CE9200BB3324 /* testUITests.swift */ = {isa = PBXFileReference; lastKnownFileType = sourcecode.swift; path = testUITests.swift; sourceTree = "<group>"; };
		3DDF07E32504CE9200BB3324 /* Info.plist */ = {isa = PBXFileReference; lastKnownFileType = text.plist.xml; path = Info.plist; sourceTree = "<group>"; };
/* End PBXFileReference section */

/* Begin PBXFrameworksBuildPhase section */
		3DDF07B92504CE9100BB3324 /* Frameworks */ = {
			isa = PBXFrameworksBuildPhase;
			buildActionMask = 2147483647;
			files = (
			);
			runOnlyForDeploymentPostprocessing = 0;
		};
		3DDF07CF2504CE9200BB3324 /* Frameworks */ = {
			isa = PBXFrameworksBuildPhase;
			buildActionMask = 2147483647;
			files = (
			);
			runOnlyForDeploymentPostprocessing = 0;
		};
		3DDF07DA2504CE9200BB3324 /* Frameworks */ = {
			isa = PBXFrameworksBuildPhase;
			buildActionMask = 2147483647;
			files = (
			);
			runOnlyForDeploymentPostprocessing = 0;
		};
/* End PBXFrameworksBuildPhase section */

/* Begin PBXGroup section */
		3DDF07B32504CE9100BB3324 = {
			isa = PBXGroup;
			children = (
				3DDF07BE2504CE9100BB3324 /* test */,
				3DDF07D52504CE9200BB3324 /* testTests */,
				3DDF07E02504CE9200BB3324 /* testUITests */,
				3DDF07BD2504CE9100BB3324 /* Products */,
			);
			sourceTree = "<group>";
		};
		3DDF07BD2504CE9100BB3324 /* Products */ = {
			isa = PBXGroup;
			children = (
				3DDF07BC2504CE9100BB3324 /* test.app */,
				3DDF07D22504CE9200BB3324 /* testTests.xctest */,
				3DDF07DD2504CE9200BB3324 /* testUITests.xctest */,
			);
			name = Products;
			sourceTree = "<group>";
		};
		3DDF07BE2504CE9100BB3324 /* test */ = {
			isa = PBXGroup;
			children = (
				3DDF07BF2504CE9100BB3324 /* AppDelegate.swift */,
				3DDF07C12504CE9100BB3324 /* SceneDelegate.swift */,
				3DDF07C32504CE9100BB3324 /* ViewController.swift */,
				3DDF07C52504CE9100BB3324 /* Main.storyboard */,
				3DDF07C82504CE9200BB3324 /* Assets.xcassets */,
				3DDF07CA2504CE9200BB3324 /* LaunchScreen.storyboard */,
				3DDF07CD2504CE9200BB3324 /* Info.plist */,
			);
			path = test;
			sourceTree = "<group>";
		};
		3DDF07D52504CE9200BB3324 /* testTests */ = {
			isa = PBXGroup;
			children = (
				3DDF07D62504CE9200BB3324 /* testTests.swift */,
				3DDF07D82504CE9200BB3324 /* Info.plist */,
			);
			path = testTests;
			sourceTree = "<group>";
		};
		3DDF07E02504CE9200BB3324 /* testUITests */ = {
			isa = PBXGroup;
			children = (
				3DDF07E12504CE9200BB3324 /* testUITests.swift */,
				3DDF07E32504CE9200BB3324 /* Info.plist */,
			);
			path = testUITests;
			sourceTree = "<group>";
		};
/* End PBXGroup section */

/* Begin PBXNativeTarget section */
		3DDF07BB2504CE9100BB3324 /* test */ = {
			isa = PBXNativeTarget;
			buildConfigurationList = 3DDF07E62504CE9200BB3324 /* Build configuration list for PBXNativeTarget "test" */;
			buildPhases = (
				3DDF07B82504CE9100BB3324 /* Sources */,
				3DDF07B92504CE9100BB3324 /* Frameworks */,
				3DDF07BA2504CE9100BB3324 /* Resources */,
			);
			buildRules = (
			);
			dependencies = (
			);
			name = test;
			productName = test;
			productReference = 3DDF07BC2504CE9100BB3324 /* test.app */;
			productType = "com.apple.product-type.application";
		};
		3DDF07D12504CE9200BB3324 /* testTests */ = {
			isa = PBXNativeTarget;
			buildConfigurationList = 3DDF07E92504CE9200BB3324 /* Build configuration list for PBXNativeTarget "testTests" */;
			buildPhases = (
				3DDF07CE2504CE9200BB3324 /* Sources */,
				3DDF07CF2504CE9200BB3324 /* Frameworks */,
				3DDF07D02504CE9200BB3324 /* Resources */,
			);
			buildRules = (
			);
			dependencies = (
				3DDF07D42504CE9200BB3324 /* PBXTargetDependency */,
			);
			name = testTests;
			productName = testTests;
			productReference = 3DDF07D22504CE9200BB3324 /* testTests.xctest */;
			productType = "com.apple.product-type.bundle.unit-test";
		};
		3DDF07DC2504CE9200BB3324 /* testUITests */ = {
			isa = PBXNativeTarget;
			buildConfigurationList = 3DDF07EC2504CE9200BB3324 /* Build configuration list for PBXNativeTarget "testUITests" */;
			buildPhases = (
				3DDF07D92504CE9200BB3324 /* Sources */,
				3DDF07DA2504CE9200BB3324 /* Frameworks */,
				3DDF07DB2504CE9200BB3324 /* Resources */,
			);
			buildRules = (
			);
			dependencies = (
				3DDF07DF2504CE9200BB3324 /* PBXTargetDependency */,
			);
			name = testUITests;
			productName = testUITests;
			productReference = 3DDF07DD2504CE9200BB3324 /* testUITests.xctest */;
			productType = "com.apple.product-type.bundle.ui-testing";
		};
/* End PBXNativeTarget section */

/* Begin PBXProject section */
		3DDF07B42504CE9100BB3324 /* Project object */ = {
			isa = PBXProject;
			attributes = {
				LastSwiftUpdateCheck = 1170;
				LastUpgradeCheck = 1170;
				ORGANIZATIONNAME = TanakaSoushi;
				TargetAttributes = {
					3DDF07BB2504CE9100BB3324 = {
						CreatedOnToolsVersion = 11.7;
					};
					3DDF07D12504CE9200BB3324 = {
						CreatedOnToolsVersion = 11.7;
						TestTargetID = 3DDF07BB2504CE9100BB3324;
					};
					3DDF07DC2504CE9200BB3324 = {
						CreatedOnToolsVersion = 11.7;
						TestTargetID = 3DDF07BB2504CE9100BB3324;
					};
				};
			};
			buildConfigurationList = 3DDF07B72504CE9100BB3324 /* Build configuration list for PBXProject "test" */;
			compatibilityVersion = "Xcode 9.3";
			developmentRegion = en;
			hasScannedForEncodings = 0;
			knownRegions = (
				en,
				Base,
			);
			mainGroup = 3DDF07B32504CE9100BB3324;
			productRefGroup = 3DDF07BD2504CE9100BB3324 /* Products */;
			projectDirPath = "";
			projectRoot = "";
			targets = (
				3DDF07BB2504CE9100BB3324 /* test */,
				3DDF07D12504CE9200BB3324 /* testTests */,
				3DDF07DC2504CE9200BB3324 /* testUITests */,
			);
		};
/* End PBXProject section */

/* Begin PBXResourcesBuildPhase section */
		3DDF07BA2504CE9100BB3324 /* Resources */ = {
			isa = PBXResourcesBuildPhase;
			buildActionMask = 2147483647;
			files = (
				3DDF07CC2504CE9200BB3324 /* LaunchScreen.storyboard in Resources */,
				3DDF07C92504CE9200BB3324 /* Assets.xcassets in Resources */,
				3DDF07C72504CE9100BB3324 /* Main.storyboard in Resources */,
			);
			runOnlyForDeploymentPostprocessing = 0;
		};
		3DDF07D02504CE9200BB3324 /* Resources */ = {
			isa = PBXResourcesBuildPhase;
			buildActionMask = 2147483647;
			files = (
			);
			runOnlyForDeploymentPostprocessing = 0;
		};
		3DDF07DB2504CE9200BB3324 /* Resources */ = {
			isa = PBXResourcesBuildPhase;
			buildActionMask = 2147483647;
			files = (
			);
			runOnlyForDeploymentPostprocessing = 0;
		};
/* End PBXResourcesBuildPhase section */

/* Begin PBXSourcesBuildPhase section */
		3DDF07B82504CE9100BB3324 /* Sources */ = {
			isa = PBXSourcesBuildPhase;
			buildActionMask = 2147483647;
			files = (
				3DDF07C42504CE9100BB3324 /* ViewController.swift in Sources */,
				3DDF07C02504CE9100BB3324 /* AppDelegate.swift in Sources */,
				3DDF07C22504CE9100BB3324 /* SceneDelegate.swift in Sources */,
			);
			runOnlyForDeploymentPostprocessing = 0;
		};
		3DDF07CE2504CE9200BB3324 /* Sources */ = {
			isa = PBXSourcesBuildPhase;
			buildActionMask = 2147483647;
			files = (
				3DDF07D72504CE9200BB3324 /* testTests.swift in Sources */,
			);
			runOnlyForDeploymentPostprocessing = 0;
		};
		3DDF07D92504CE9200BB3324 /* Sources */ = {
			isa = PBXSourcesBuildPhase;
			buildActionMask = 2147483647;
			files = (
				3DDF07E22504CE9200BB3324 /* testUITests.swift in Sources */,
			);
			runOnlyForDeploymentPostprocessing = 0;
		};
/* End PBXSourcesBuildPhase section */

/* Begin PBXTargetDependency section */
		3DDF07D42504CE9200BB3324 /* PBXTargetDependency */ = {
			isa = PBXTargetDependency;
			target = 3DDF07BB2504CE9100BB3324 /* test */;
			targetProxy = 3DDF07D32504CE9200BB3324 /* PBXContainerItemProxy */;
		};
		3DDF07DF2504CE9200BB3324 /* PBXTargetDependency */ = {
			isa = PBXTargetDependency;
			target = 3DDF07BB2504CE9100BB3324 /* test */;
			targetProxy = 3DDF07DE2504CE9200BB3324 /* PBXContainerItemProxy */;
		};
/* End PBXTargetDependency section */

/* Begin PBXVariantGroup section */
		3DDF07C52504CE9100BB3324 /* Main.storyboard */ = {
			isa = PBXVariantGroup;
			children = (
				3DDF07C62504CE9100BB3324 /* Base */,
			);
			name = Main.storyboard;
			sourceTree = "<group>";
		};
		3DDF07CA2504CE9200BB3324 /* LaunchScreen.storyboard */ = {
			isa = PBXVariantGroup;
			children = (
				3DDF07CB2504CE9200BB3324 /* Base */,
			);
			name = LaunchScreen.storyboard;
			sourceTree = "<group>";
		};
/* End PBXVariantGroup section */

/* Begin XCBuildConfiguration section */
		3DDF07E42504CE9200BB3324 /* Debug */ = {
			isa = XCBuildConfiguration;
			buildSettings = {
				ALWAYS_SEARCH_USER_PATHS = NO;
				CLANG_ANALYZER_NONNULL = YES;
				CLANG_ANALYZER_NUMBER_OBJECT_CONVERSION = YES_AGGRESSIVE;
				CLANG_CXX_LANGUAGE_STANDARD = "gnu++14";
				CLANG_CXX_LIBRARY = "libc++";
				CLANG_ENABLE_MODULES = YES;
				CLANG_ENABLE_OBJC_ARC = YES;
				CLANG_ENABLE_OBJC_WEAK = YES;
				CLANG_WARN_BLOCK_CAPTURE_AUTORELEASING = YES;
				CLANG_WARN_BOOL_CONVERSION = YES;
				CLANG_WARN_COMMA = YES;
				CLANG_WARN_CONSTANT_CONVERSION = YES;
				CLANG_WARN_DEPRECATED_OBJC_IMPLEMENTATIONS = YES;
				CLANG_WARN_DIRECT_OBJC_ISA_USAGE = YES_ERROR;
				CLANG_WARN_DOCUMENTATION_COMMENTS = YES;
				CLANG_WARN_EMPTY_BODY = YES;
				CLANG_WARN_ENUM_CONVERSION = YES;
				CLANG_WARN_INFINITE_RECURSION = YES;
				CLANG_WARN_INT_CONVERSION = YES;
				CLANG_WARN_NON_LITERAL_NULL_CONVERSION = YES;
				CLANG_WARN_OBJC_IMPLICIT_RETAIN_SELF = YES;
				CLANG_WARN_OBJC_LITERAL_CONVERSION = YES;
				CLANG_WARN_OBJC_ROOT_CLASS = YES_ERROR;
				CLANG_WARN_RANGE_LOOP_ANALYSIS = YES;
				CLANG_WARN_STRICT_PROTOTYPES = YES;
				CLANG_WARN_SUSPICIOUS_MOVE = YES;
				CLANG_WARN_UNGUARDED_AVAILABILITY = YES_AGGRESSIVE;
				CLANG_WARN_UNREACHABLE_CODE = YES;
				CLANG_WARN__DUPLICATE_METHOD_MATCH = YES;
				COPY_PHASE_STRIP = NO;
				DEBUG_INFORMATION_FORMAT = dwarf;
				ENABLE_STRICT_OBJC_MSGSEND = YES;
				ENABLE_TESTABILITY = YES;
				GCC_C_LANGUAGE_STANDARD = gnu11;
				GCC_DYNAMIC_NO_PIC = NO;
				GCC_NO_COMMON_BLOCKS = YES;
				GCC_OPTIMIZATION_LEVEL = 0;
				GCC_PREPROCESSOR_DEFINITIONS = (
					"DEBUG=1",
					"$(inherited)",
				);
				GCC_WARN_64_TO_32_BIT_CONVERSION = YES;
				GCC_WARN_ABOUT_RETURN_TYPE = YES_ERROR;
				GCC_WARN_UNDECLARED_SELECTOR = YES;
				GCC_WARN_UNINITIALIZED_AUTOS = YES_AGGRESSIVE;
				GCC_WARN_UNUSED_FUNCTION = YES;
				GCC_WARN_UNUSED_VARIABLE = YES;
				IPHONEOS_DEPLOYMENT_TARGET = 13.7;
				MTL_ENABLE_DEBUG_INFO = INCLUDE_SOURCE;
				MTL_FAST_MATH = YES;
				ONLY_ACTIVE_ARCH = YES;
				SDKROOT = iphoneos;
				SWIFT_ACTIVE_COMPILATION_CONDITIONS = DEBUG;
				SWIFT_OPTIMIZATION_LEVEL = "-Onone";
			};
			name = Debug;
		};
		3DDF07E52504CE9200BB3324 /* Release */ = {
			isa = XCBuildConfiguration;
			buildSettings = {
				ALWAYS_SEARCH_USER_PATHS = NO;
				CLANG_ANALYZER_NONNULL = YES;
				CLANG_ANALYZER_NUMBER_OBJECT_CONVERSION = YES_AGGRESSIVE;
				CLANG_CXX_LANGUAGE_STANDARD = "gnu++14";
				CLANG_CXX_LIBRARY = "libc++";
				CLANG_ENABLE_MODULES = YES;
				CLANG_ENABLE_OBJC_ARC = YES;
				CLANG_ENABLE_OBJC_WEAK = YES;
				CLANG_WARN_BLOCK_CAPTURE_AUTORELEASING = YES;
				CLANG_WARN_BOOL_CONVERSION = YES;
				CLANG_WARN_COMMA = YES;
				CLANG_WARN_CONSTANT_CONVERSION = YES;
				CLANG_WARN_DEPRECATED_OBJC_IMPLEMENTATIONS = YES;
				CLANG_WARN_DIRECT_OBJC_ISA_USAGE = YES_ERROR;
				CLANG_WARN_DOCUMENTATION_COMMENTS = YES;
				CLANG_WARN_EMPTY_BODY = YES;
				CLANG_WARN_ENUM_CONVERSION = YES;
				CLANG_WARN_INFINITE_RECURSION = YES;
				CLANG_WARN_INT_CONVERSION = YES;
				CLANG_WARN_NON_LITERAL_NULL_CONVERSION = YES;
				CLANG_WARN_OBJC_IMPLICIT_RETAIN_SELF = YES;
				CLANG_WARN_OBJC_LITERAL_CONVERSION = YES;
				CLANG_WARN_OBJC_ROOT_CLASS = YES_ERROR;
				CLANG_WARN_RANGE_LOOP_ANALYSIS = YES;
				CLANG_WARN_STRICT_PROTOTYPES = YES;
				CLANG_WARN_SUSPICIOUS_MOVE = YES;
				CLANG_WARN_UNGUARDED_AVAILABILITY = YES_AGGRESSIVE;
				CLANG_WARN_UNREACHABLE_CODE = YES;
				CLANG_WARN__DUPLICATE_METHOD_MATCH = YES;
				COPY_PHASE_STRIP = NO;
				DEBUG_INFORMATION_FORMAT = "dwarf-with-dsym";
				ENABLE_NS_ASSERTIONS = NO;
				ENABLE_STRICT_OBJC_MSGSEND = YES;
				GCC_C_LANGUAGE_STANDARD = gnu11;
				GCC_NO_COMMON_BLOCKS = YES;
				GCC_WARN_64_TO_32_BIT_CONVERSION = YES;
				GCC_WARN_ABOUT_RETURN_TYPE = YES_ERROR;
				GCC_WARN_UNDECLARED_SELECTOR = YES;
				GCC_WARN_UNINITIALIZED_AUTOS = YES_AGGRESSIVE;
				GCC_WARN_UNUSED_FUNCTION = YES;
				GCC_WARN_UNUSED_VARIABLE = YES;
				IPHONEOS_DEPLOYMENT_TARGET = 13.7;
				MTL_ENABLE_DEBUG_INFO = NO;
				MTL_FAST_MATH = YES;
				SDKROOT = iphoneos;
				SWIFT_COMPILATION_MODE = wholemodule;
				SWIFT_OPTIMIZATION_LEVEL = "-O";
				VALIDATE_PRODUCT = YES;
			};
			name = Release;
		};
		3DDF07E72504CE9200BB3324 /* Debug */ = {
			isa = XCBuildConfiguration;
			buildSettings = {
				ASSETCATALOG_COMPILER_APPICON_NAME = AppIcon;
				CODE_SIGN_STYLE = Automatic;
				INFOPLIST_FILE = test/Info.plist;
				LD_RUNPATH_SEARCH_PATHS = (
					"$(inherited)",
					"@executable_path/Frameworks",
				);
				PRODUCT_BUNDLE_IDENTIFIER = test.test;
				PRODUCT_NAME = "$(TARGET_NAME)";
				SWIFT_VERSION = 5.0;
				TARGETED_DEVICE_FAMILY = "1,2";
			};
			name = Debug;
		};
		3DDF07E82504CE9200BB3324 /* Release */ = {
			isa = XCBuildConfiguration;
			buildSettings = {
				ASSETCATALOG_COMPILER_APPICON_NAME = AppIcon;
				CODE_SIGN_STYLE = Automatic;
				INFOPLIST_FILE = test/Info.plist;
				LD_RUNPATH_SEARCH_PATHS = (
					"$(inherited)",
					"@executable_path/Frameworks",
				);
				PRODUCT_BUNDLE_IDENTIFIER = test.test;
				PRODUCT_NAME = "$(TARGET_NAME)";
				SWIFT_VERSION = 5.0;
				TARGETED_DEVICE_FAMILY = "1,2";
			};
			name = Release;
		};
		3DDF07EA2504CE9200BB3324 /* Debug */ = {
			isa = XCBuildConfiguration;
			buildSettings = {
				ALWAYS_EMBED_SWIFT_STANDARD_LIBRARIES = YES;
				BUNDLE_LOADER = "$(TEST_HOST)";
				CODE_SIGN_STYLE = Automatic;
				INFOPLIST_FILE = testTests/Info.plist;
				IPHONEOS_DEPLOYMENT_TARGET = 13.7;
				LD_RUNPATH_SEARCH_PATHS = (
					"$(inherited)",
					"@executable_path/Frameworks",
					"@loader_path/Frameworks",
				);
				PRODUCT_BUNDLE_IDENTIFIER = test.testTests;
				PRODUCT_NAME = "$(TARGET_NAME)";
				SWIFT_VERSION = 5.0;
				TARGETED_DEVICE_FAMILY = "1,2";
				TEST_HOST = "$(BUILT_PRODUCTS_DIR)/test.app/test";
			};
			name = Debug;
		};
		3DDF07EB2504CE9200BB3324 /* Release */ = {
			isa = XCBuildConfiguration;
			buildSettings = {
				ALWAYS_EMBED_SWIFT_STANDARD_LIBRARIES = YES;
				BUNDLE_LOADER = "$(TEST_HOST)";
				CODE_SIGN_STYLE = Automatic;
				INFOPLIST_FILE = testTests/Info.plist;
				IPHONEOS_DEPLOYMENT_TARGET = 13.7;
				LD_RUNPATH_SEARCH_PATHS = (
					"$(inherited)",
					"@executable_path/Frameworks",
					"@loader_path/Frameworks",
				);
				PRODUCT_BUNDLE_IDENTIFIER = test.testTests;
				PRODUCT_NAME = "$(TARGET_NAME)";
				SWIFT_VERSION = 5.0;
				TARGETED_DEVICE_FAMILY = "1,2";
				TEST_HOST = "$(BUILT_PRODUCTS_DIR)/test.app/test";
			};
			name = Release;
		};
		3DDF07ED2504CE9200BB3324 /* Debug */ = {
			isa = XCBuildConfiguration;
			buildSettings = {
				ALWAYS_EMBED_SWIFT_STANDARD_LIBRARIES = YES;
				CODE_SIGN_STYLE = Automatic;
				INFOPLIST_FILE = testUITests/Info.plist;
				LD_RUNPATH_SEARCH_PATHS = (
					"$(inherited)",
					"@executable_path/Frameworks",
					"@loader_path/Frameworks",
				);
				PRODUCT_BUNDLE_IDENTIFIER = test.testUITests;
				PRODUCT_NAME = "$(TARGET_NAME)";
				SWIFT_VERSION = 5.0;
				TARGETED_DEVICE_FAMILY = "1,2";
				TEST_TARGET_NAME = test;
			};
			name = Debug;
		};
		3DDF07EE2504CE9200BB3324 /* Release */ = {
			isa = XCBuildConfiguration;
			buildSettings = {
				ALWAYS_EMBED_SWIFT_STANDARD_LIBRARIES = YES;
				CODE_SIGN_STYLE = Automatic;
				INFOPLIST_FILE = testUITests/Info.plist;
				LD_RUNPATH_SEARCH_PATHS = (
					"$(inherited)",
					"@executable_path/Frameworks",
					"@loader_path/Frameworks",
				);
				PRODUCT_BUNDLE_IDENTIFIER = test.testUITests;
				PRODUCT_NAME = "$(TARGET_NAME)";
				SWIFT_VERSION = 5.0;
				TARGETED_DEVICE_FAMILY = "1,2";
				TEST_TARGET_NAME = test;
			};
			name = Release;
		};
/* End XCBuildConfiguration section */

/* Begin XCConfigurationList section */
		3DDF07B72504CE9100BB3324 /* Build configuration list for PBXProject "test" */ = {
			isa = XCConfigurationList;
			buildConfigurations = (
				3DDF07E42504CE9200BB3324 /* Debug */,
				3DDF07E52504CE9200BB3324 /* Release */,
			);
			defaultConfigurationIsVisible = 0;
			defaultConfigurationName = Release;
		};
		3DDF07E62504CE9200BB3324 /* Build configuration list for PBXNativeTarget "test" */ = {
			isa = XCConfigurationList;
			buildConfigurations = (
				3DDF07E72504CE9200BB3324 /* Debug */,
				3DDF07E82504CE9200BB3324 /* Release */,
			);
			defaultConfigurationIsVisible = 0;
			defaultConfigurationName = Release;
		};
		3DDF07E92504CE9200BB3324 /* Build configuration list for PBXNativeTarget "testTests" */ = {
			isa = XCConfigurationList;
			buildConfigurations = (
				3DDF07EA2504CE9200BB3324 /* Debug */,
				3DDF07EB2504CE9200BB3324 /* Release */,
			);
			defaultConfigurationIsVisible = 0;
			defaultConfigurationName = Release;
		};
		3DDF07EC2504CE9200BB3324 /* Build configuration list for PBXNativeTarget "testUITests" */ = {
			isa = XCConfigurationList;
			buildConfigurations = (
				3DDF07ED2504CE9200BB3324 /* Debug */,
				3DDF07EE2504CE9200BB3324 /* Release */,
			);
			defaultConfigurationIsVisible = 0;
			defaultConfigurationName = Release;
		};
/* End XCConfigurationList section */
	};
	rootObject = 3DDF07B42504CE9100BB3324 /* Project object */;
}
